
Microsoft Visual Studio Solution File, Format Version 12.00
# Visual Studio Version 17
VisualStudioVersion = 17.5.002.0
MinimumVisualStudioVersion = 10.0.40219.1
Project("{9A19103F-16F7-4668-BE54-9A1E7A4F7556}") = "ENSensM", "ENSensM.csproj", "{EAB9F6CB-D761-428C-9358-883950C2C158}"
EndProject
Global
	GlobalSection(SolutionConfigurationPlatforms) = preSolution
		Debug|Any CPU = Debug|Any CPU
		Release|Any CPU = Release|Any CPU
	EndGlobalSection
	GlobalSection(ProjectConfigurationPlatforms) = postSolution
		{EAB9F6CB-D761-428C-9358-883950C2C158}.Debug|Any CPU.ActiveCfg = Debug|Any CPU
		{EAB9F6CB-D761-428C-9358-883950C2C158}.Debug|Any CPU.Build.0 = Debug|Any CPU
		{EAB9F6CB-D761-428C-9358-883950C2C158}.Release|Any CPU.ActiveCfg = Release|Any CPU
		{EAB9F6CB-D761-428C-9358-883950C2C158}.Release|Any CPU.Build.0 = Release|Any CPU
	EndGlobalSection
	GlobalSection(SolutionProperties) = preSolution
		HideSolutionNode = FALSE
	EndGlobalSection
	GlobalSection(ExtensibilityGlobals) = postSolution
		SolutionGuid = {28D76188-9D41-4AE5-B1CD-6B803E110C3E}
	EndGlobalSection
EndGlobal
